
Microsoft Visual Studio Solution File, Format Version 12.00
Project("{FAE04EC0-301F-11D3-BF4B-00C04F79EFBC}") = "FullStackFun", "FullStackFun\FullStackFun.csproj", "{46E25258-3C40-41A3-9B1C-0A167974428B}"
EndProject
Global
	GlobalSection(SolutionConfigurationPlatforms) = preSolution
		Debug|Any CPU = Debug|Any CPU
		Release|Any CPU = Release|Any CPU
	EndGlobalSection
	GlobalSection(ProjectConfigurationPlatforms) = postSolution
		{46E25258-3C40-41A3-9B1C-0A167974428B}.Debug|Any CPU.ActiveCfg = Debug|Any CPU
		{46E25258-3C40-41A3-9B1C-0A167974428B}.Debug|Any CPU.Build.0 = Debug|Any CPU
		{46E25258-3C40-41A3-9B1C-0A167974428B}.Release|Any CPU.ActiveCfg = Release|Any CPU
		{46E25258-3C40-41A3-9B1C-0A167974428B}.Release|Any CPU.Build.0 = Release|Any CPU
	EndGlobalSection
EndGlobal
